
Microsoft Visual Studio Solution File, Format Version 12.00
# Visual Studio Version 17
VisualStudioVersion = 17.1.32319.34
MinimumVisualStudioVersion = 10.0.40219.1
Project("{2150E333-8FDC-42A3-9474-1A3956D46DE8}") = "Demo1", "Demo1", "{C3BD765E-90C4-42F2-A877-9B606C2FDE03}"
EndProject
Project("{9A19103F-16F7-4668-BE54-9A1E7A4F7556}") = "Receiver", "Receiver\Receiver.csproj", "{59087967-A5D5-4F1A-960E-4911CDE09B66}"
EndProject
Project("{9A19103F-16F7-4668-BE54-9A1E7A4F7556}") = "Publisher", "Publisher\Publisher.csproj", "{327A25C5-C4EC-4A59-ACD9-9DC6F277DEFF}"
EndProject
Project("{2150E333-8FDC-42A3-9474-1A3956D46DE8}") = "Demo2", "Demo2", "{7F371D0D-95B8-4B8C-83D7-9CA58DA98D99}"
EndProject
Project("{9A19103F-16F7-4668-BE54-9A1E7A4F7556}") = "CodersInRioChat", "CodersInRioChat\CodersInRioChat.csproj", "{37629A01-DBD9-4B2F-A461-B821914E6F04}"
EndProject
Project("{2150E333-8FDC-42A3-9474-1A3956D46DE8}") = "Demo3", "Demo3", "{0B4FE476-88CC-4311-B42A-442F7B3C6A4E}"
EndProject
Project("{FAE04EC0-301F-11D3-BF4B-00C04F79EFBC}") = "Config", "Config\Config.csproj", "{2A3B7608-D779-424C-A81A-25C5DBFAAF0C}"
EndProject
Project("{FAE04EC0-301F-11D3-BF4B-00C04F79EFBC}") = "Domain", "Domain\Domain.csproj", "{960A8B52-1C2B-4DD2-BFC4-FB097B9C48DA}"
EndProject
Project("{FAE04EC0-301F-11D3-BF4B-00C04F79EFBC}") = "Coffe.Consumer", "Coffe.Consumer\Coffe.Consumer.csproj", "{7EB47779-794E-43D2-B71F-2643D6A9A4AA}"
EndProject
Project("{FAE04EC0-301F-11D3-BF4B-00C04F79EFBC}") = "Coffe.Publisher", "Coffe.Publisher\Coffe.Publisher.csproj", "{77DAD835-6F2D-47CA-8067-95CB973F5E5C}"
EndProject
Project("{2150E333-8FDC-42A3-9474-1A3956D46DE8}") = "Demo4", "Demo4", "{B821306A-FE1C-45B5-B227-BA5BFABF61F8}"
EndProject
Project("{FAE04EC0-301F-11D3-BF4B-00C04F79EFBC}") = "Market.Config", "Market.Config\Market.Config.csproj", "{4B3D409D-DE79-47D6-ACF7-5046FF54D081}"
EndProject
Project("{FAE04EC0-301F-11D3-BF4B-00C04F79EFBC}") = "Market.Domain", "Market.Tag\Market.Domain.csproj", "{261A5967-C798-4843-96D6-069667E1C5AD}"
EndProject
Project("{FAE04EC0-301F-11D3-BF4B-00C04F79EFBC}") = "Market.TagReader", "Market.TagReader\Market.TagReader.csproj", "{85A170B3-4306-4BA8-A583-FAF94446BF6D}"
EndProject
Project("{FAE04EC0-301F-11D3-BF4B-00C04F79EFBC}") = "Market.ChekOut", "Market.ChekOut\Market.ChekOut.csproj", "{5F8285AA-E7E3-417C-A3CC-21302980633B}"
EndProject
Project("{2150E333-8FDC-42A3-9474-1A3956D46DE8}") = "Demo5", "Demo5", "{971554FB-187A-4586-A1AA-4AB4E360624C}"
EndProject
Project("{FAE04EC0-301F-11D3-BF4B-00C04F79EFBC}") = "DeadLetter.Config", "DeadLetter.Config\DeadLetter.Config.csproj", "{08E928C6-21A6-4DA4-A993-3B0E15AC6DE5}"
EndProject
Project("{FAE04EC0-301F-11D3-BF4B-00C04F79EFBC}") = "DeadLetter.Consumer", "DeadLetter.Consumer\DeadLetter.Consumer.csproj", "{76166BCC-3471-4C0B-8FB5-36D5B2B15725}"
EndProject
Project("{FAE04EC0-301F-11D3-BF4B-00C04F79EFBC}") = "DeadLetter.Publisher", "DeadLetter.Publisher\DeadLetter.Publisher.csproj", "{40FCC891-8487-4932-9A2F-F5F45EA8491B}"
EndProject
Project("{FAE04EC0-301F-11D3-BF4B-00C04F79EFBC}") = "DeadLetter.DeadLetterReceptor", "DeadLetter.DeadLetterReceptor\DeadLetter.DeadLetterReceptor.csproj", "{B057AAEB-2D71-4A58-8375-22EA523E3A7F}"
EndProject
Project("{2150E333-8FDC-42A3-9474-1A3956D46DE8}") = "Configurations", "Configurations", "{BA0842F9-9712-440C-B360-4C45FF04EE4C}"
EndProject
Project("{2150E333-8FDC-42A3-9474-1A3956D46DE8}") = "Configurations", "Configurations", "{C1C77984-6192-4F23-8725-4261DE1903E1}"
EndProject
Project("{2150E333-8FDC-42A3-9474-1A3956D46DE8}") = "Configurations", "Configurations", "{8423AAB1-D0DD-4BA0-AED4-E5FB515C115F}"
EndProject
Global
	GlobalSection(SolutionConfigurationPlatforms) = preSolution
		Debug|Any CPU = Debug|Any CPU
		Release|Any CPU = Release|Any CPU
	EndGlobalSection
	GlobalSection(ProjectConfigurationPlatforms) = postSolution
		{59087967-A5D5-4F1A-960E-4911CDE09B66}.Debug|Any CPU.ActiveCfg = Debug|Any CPU
		{59087967-A5D5-4F1A-960E-4911CDE09B66}.Debug|Any CPU.Build.0 = Debug|Any CPU
		{59087967-A5D5-4F1A-960E-4911CDE09B66}.Release|Any CPU.ActiveCfg = Release|Any CPU
		{59087967-A5D5-4F1A-960E-4911CDE09B66}.Release|Any CPU.Build.0 = Release|Any CPU
		{327A25C5-C4EC-4A59-ACD9-9DC6F277DEFF}.Debug|Any CPU.ActiveCfg = Debug|Any CPU
		{327A25C5-C4EC-4A59-ACD9-9DC6F277DEFF}.Debug|Any CPU.Build.0 = Debug|Any CPU
		{327A25C5-C4EC-4A59-ACD9-9DC6F277DEFF}.Release|Any CPU.ActiveCfg = Release|Any CPU
		{327A25C5-C4EC-4A59-ACD9-9DC6F277DEFF}.Release|Any CPU.Build.0 = Release|Any CPU
		{37629A01-DBD9-4B2F-A461-B821914E6F04}.Debug|Any CPU.ActiveCfg = Debug|Any CPU
		{37629A01-DBD9-4B2F-A461-B821914E6F04}.Debug|Any CPU.Build.0 = Debug|Any CPU
		{37629A01-DBD9-4B2F-A461-B821914E6F04}.Release|Any CPU.ActiveCfg = Release|Any CPU
		{37629A01-DBD9-4B2F-A461-B821914E6F04}.Release|Any CPU.Build.0 = Release|Any CPU
		{2A3B7608-D779-424C-A81A-25C5DBFAAF0C}.Debug|Any CPU.ActiveCfg = Debug|Any CPU
		{2A3B7608-D779-424C-A81A-25C5DBFAAF0C}.Debug|Any CPU.Build.0 = Debug|Any CPU
		{2A3B7608-D779-424C-A81A-25C5DBFAAF0C}.Release|Any CPU.ActiveCfg = Release|Any CPU
		{2A3B7608-D779-424C-A81A-25C5DBFAAF0C}.Release|Any CPU.Build.0 = Release|Any CPU
		{960A8B52-1C2B-4DD2-BFC4-FB097B9C48DA}.Debug|Any CPU.ActiveCfg = Debug|Any CPU
		{960A8B52-1C2B-4DD2-BFC4-FB097B9C48DA}.Debug|Any CPU.Build.0 = Debug|Any CPU
		{960A8B52-1C2B-4DD2-BFC4-FB097B9C48DA}.Release|Any CPU.ActiveCfg = Release|Any CPU
		{960A8B52-1C2B-4DD2-BFC4-FB097B9C48DA}.Release|Any CPU.Build.0 = Release|Any CPU
		{7EB47779-794E-43D2-B71F-2643D6A9A4AA}.Debug|Any CPU.ActiveCfg = Debug|Any CPU
		{7EB47779-794E-43D2-B71F-2643D6A9A4AA}.Debug|Any CPU.Build.0 = Debug|Any CPU
		{7EB47779-794E-43D2-B71F-2643D6A9A4AA}.Release|Any CPU.ActiveCfg = Release|Any CPU
		{7EB47779-794E-43D2-B71F-2643D6A9A4AA}.Release|Any CPU.Build.0 = Release|Any CPU
		{77DAD835-6F2D-47CA-8067-95CB973F5E5C}.Debug|Any CPU.ActiveCfg = Debug|Any CPU
		{77DAD835-6F2D-47CA-8067-95CB973F5E5C}.Debug|Any CPU.Build.0 = Debug|Any CPU
		{77DAD835-6F2D-47CA-8067-95CB973F5E5C}.Release|Any CPU.ActiveCfg = Release|Any CPU
		{77DAD835-6F2D-47CA-8067-95CB973F5E5C}.Release|Any CPU.Build.0 = Release|Any CPU
		{4B3D409D-DE79-47D6-ACF7-5046FF54D081}.Debug|Any CPU.ActiveCfg = Debug|Any CPU
		{4B3D409D-DE79-47D6-ACF7-5046FF54D081}.Debug|Any CPU.Build.0 = Debug|Any CPU
		{4B3D409D-DE79-47D6-ACF7-5046FF54D081}.Release|Any CPU.ActiveCfg = Release|Any CPU
		{4B3D409D-DE79-47D6-ACF7-5046FF54D081}.Release|Any CPU.Build.0 = Release|Any CPU
		{261A5967-C798-4843-96D6-069667E1C5AD}.Debug|Any CPU.ActiveCfg = Debug|Any CPU
		{261A5967-C798-4843-96D6-069667E1C5AD}.Debug|Any CPU.Build.0 = Debug|Any CPU
		{261A5967-C798-4843-96D6-069667E1C5AD}.Release|Any CPU.ActiveCfg = Release|Any CPU
		{261A5967-C798-4843-96D6-069667E1C5AD}.Release|Any CPU.Build.0 = Release|Any CPU
		{85A170B3-4306-4BA8-A583-FAF94446BF6D}.Debug|Any CPU.ActiveCfg = Debug|Any CPU
		{85A170B3-4306-4BA8-A583-FAF94446BF6D}.Debug|Any CPU.Build.0 = Debug|Any CPU
		{85A170B3-4306-4BA8-A583-FAF94446BF6D}.Release|Any CPU.ActiveCfg = Release|Any CPU
		{85A170B3-4306-4BA8-A583-FAF94446BF6D}.Release|Any CPU.Build.0 = Release|Any CPU
		{5F8285AA-E7E3-417C-A3CC-21302980633B}.Debug|Any CPU.ActiveCfg = Debug|Any CPU
		{5F8285AA-E7E3-417C-A3CC-21302980633B}.Debug|Any CPU.Build.0 = Debug|Any CPU
		{5F8285AA-E7E3-417C-A3CC-21302980633B}.Release|Any CPU.ActiveCfg = Release|Any CPU
		{5F8285AA-E7E3-417C-A3CC-21302980633B}.Release|Any CPU.Build.0 = Release|Any CPU
		{08E928C6-21A6-4DA4-A993-3B0E15AC6DE5}.Debug|Any CPU.ActiveCfg = Debug|Any CPU
		{08E928C6-21A6-4DA4-A993-3B0E15AC6DE5}.Debug|Any CPU.Build.0 = Debug|Any CPU
		{08E928C6-21A6-4DA4-A993-3B0E15AC6DE5}.Release|Any CPU.ActiveCfg = Release|Any CPU
		{08E928C6-21A6-4DA4-A993-3B0E15AC6DE5}.Release|Any CPU.Build.0 = Release|Any CPU
		{76166BCC-3471-4C0B-8FB5-36D5B2B15725}.Debug|Any CPU.ActiveCfg = Debug|Any CPU
		{76166BCC-3471-4C0B-8FB5-36D5B2B15725}.Debug|Any CPU.Build.0 = Debug|Any CPU
		{76166BCC-3471-4C0B-8FB5-36D5B2B15725}.Release|Any CPU.ActiveCfg = Release|Any CPU
		{76166BCC-3471-4C0B-8FB5-36D5B2B15725}.Release|Any CPU.Build.0 = Release|Any CPU
		{40FCC891-8487-4932-9A2F-F5F45EA8491B}.Debug|Any CPU.ActiveCfg = Debug|Any CPU
		{40FCC891-8487-4932-9A2F-F5F45EA8491B}.Debug|Any CPU.Build.0 = Debug|Any CPU
		{40FCC891-8487-4932-9A2F-F5F45EA8491B}.Release|Any CPU.ActiveCfg = Release|Any CPU
		{40FCC891-8487-4932-9A2F-F5F45EA8491B}.Release|Any CPU.Build.0 = Release|Any CPU
		{B057AAEB-2D71-4A58-8375-22EA523E3A7F}.Debug|Any CPU.ActiveCfg = Debug|Any CPU
		{B057AAEB-2D71-4A58-8375-22EA523E3A7F}.Debug|Any CPU.Build.0 = Debug|Any CPU
		{B057AAEB-2D71-4A58-8375-22EA523E3A7F}.Release|Any CPU.ActiveCfg = Release|Any CPU
		{B057AAEB-2D71-4A58-8375-22EA523E3A7F}.Release|Any CPU.Build.0 = Release|Any CPU
	EndGlobalSection
	GlobalSection(SolutionProperties) = preSolution
		HideSolutionNode = FALSE
	EndGlobalSection
	GlobalSection(NestedProjects) = preSolution
		{59087967-A5D5-4F1A-960E-4911CDE09B66} = {C3BD765E-90C4-42F2-A877-9B606C2FDE03}
		{327A25C5-C4EC-4A59-ACD9-9DC6F277DEFF} = {C3BD765E-90C4-42F2-A877-9B606C2FDE03}
		{37629A01-DBD9-4B2F-A461-B821914E6F04} = {7F371D0D-95B8-4B8C-83D7-9CA58DA98D99}
		{2A3B7608-D779-424C-A81A-25C5DBFAAF0C} = {BA0842F9-9712-440C-B360-4C45FF04EE4C}
		{960A8B52-1C2B-4DD2-BFC4-FB097B9C48DA} = {BA0842F9-9712-440C-B360-4C45FF04EE4C}
		{7EB47779-794E-43D2-B71F-2643D6A9A4AA} = {0B4FE476-88CC-4311-B42A-442F7B3C6A4E}
		{77DAD835-6F2D-47CA-8067-95CB973F5E5C} = {0B4FE476-88CC-4311-B42A-442F7B3C6A4E}
		{4B3D409D-DE79-47D6-ACF7-5046FF54D081} = {C1C77984-6192-4F23-8725-4261DE1903E1}
		{261A5967-C798-4843-96D6-069667E1C5AD} = {C1C77984-6192-4F23-8725-4261DE1903E1}
		{85A170B3-4306-4BA8-A583-FAF94446BF6D} = {B821306A-FE1C-45B5-B227-BA5BFABF61F8}
		{5F8285AA-E7E3-417C-A3CC-21302980633B} = {B821306A-FE1C-45B5-B227-BA5BFABF61F8}
		{08E928C6-21A6-4DA4-A993-3B0E15AC6DE5} = {8423AAB1-D0DD-4BA0-AED4-E5FB515C115F}
		{76166BCC-3471-4C0B-8FB5-36D5B2B15725} = {971554FB-187A-4586-A1AA-4AB4E360624C}
		{40FCC891-8487-4932-9A2F-F5F45EA8491B} = {971554FB-187A-4586-A1AA-4AB4E360624C}
		{B057AAEB-2D71-4A58-8375-22EA523E3A7F} = {971554FB-187A-4586-A1AA-4AB4E360624C}
		{BA0842F9-9712-440C-B360-4C45FF04EE4C} = {0B4FE476-88CC-4311-B42A-442F7B3C6A4E}
		{C1C77984-6192-4F23-8725-4261DE1903E1} = {B821306A-FE1C-45B5-B227-BA5BFABF61F8}
		{8423AAB1-D0DD-4BA0-AED4-E5FB515C115F} = {971554FB-187A-4586-A1AA-4AB4E360624C}
	EndGlobalSection
	GlobalSection(ExtensibilityGlobals) = postSolution
		SolutionGuid = {844EAC5F-AC23-4A3A-A957-A30962A2CC6E}
	EndGlobalSection
EndGlobal
